// !$*UTF8*$!
{
	archiveVersion = 1;
	classes = {
	};
	objectVersion = 50;
	objects = {

/* Begin PBXBuildFile section */
		F3125FA42177966B00956B26 /* AppDelegate.swift in Sources */ = {isa = PBXBuildFile; fileRef = F3125FA32177966B00956B26 /* AppDelegate.swift */; };
		F3125FA62177966B00956B26 /* ViewController.swift in Sources */ = {isa = PBXBuildFile; fileRef = F3125FA52177966B00956B26 /* ViewController.swift */; };
		F3125FA92177966B00956B26 /* Main.storyboard in Resources */ = {isa = PBXBuildFile; fileRef = F3125FA72177966B00956B26 /* Main.storyboard */; };
		F3125FAB2177966E00956B26 /* Assets.xcassets in Resources */ = {isa = PBXBuildFile; fileRef = F3125FAA2177966E00956B26 /* Assets.xcassets */; };
		F3125FAE2177966E00956B26 /* LaunchScreen.storyboard in Resources */ = {isa = PBXBuildFile; fileRef = F3125FAC2177966E00956B26 /* LaunchScreen.storyboard */; };
		F3125FB92177966E00956B26 /* CircularLoaderLBTATests.swift in Sources */ = {isa = PBXBuildFile; fileRef = F3125FB82177966E00956B26 /* CircularLoaderLBTATests.swift */; };
		F3125FC42177966E00956B26 /* CircularLoaderLBTAUITests.swift in Sources */ = {isa = PBXBuildFile; fileRef = F3125FC32177966E00956B26 /* CircularLoaderLBTAUITests.swift */; };
/* End PBXBuildFile section */

/* Begin PBXContainerItemProxy section */
		F3125FB52177966E00956B26 /* PBXContainerItemProxy */ = {
			isa = PBXContainerItemProxy;
			containerPortal = F3125F982177966B00956B26 /* Project object */;
			proxyType = 1;
			remoteGlobalIDString = F3125F9F2177966B00956B26;
			remoteInfo = CircularLoaderLBTA;
		};
		F3125FC02177966E00956B26 /* PBXContainerItemProxy */ = {
			isa = PBXContainerItemProxy;
			containerPortal = F3125F982177966B00956B26 /* Project object */;
			proxyType = 1;
			remoteGlobalIDString = F3125F9F2177966B00956B26;
			remoteInfo = CircularLoaderLBTA;
		};
/* End PBXContainerItemProxy section */

/* Begin PBXFileReference section */
		F3125FA02177966B00956B26 /* CircularLoaderLBTA.app */ = {isa = PBXFileReference; explicitFileType = wrapper.application; includeInIndex = 0; path = CircularLoaderLBTA.app; sourceTree = BUILT_PRODUCTS_DIR; };
		F3125FA32177966B00956B26 /* AppDelegate.swift */ = {isa = PBXFileReference; lastKnownFileType = sourcecode.swift; path = AppDelegate.swift; sourceTree = "<group>"; };
		F3125FA52177966B00956B26 /* ViewController.swift */ = {isa = PBXFileReference; lastKnownFileType = sourcecode.swift; path = ViewController.swift; sourceTree = "<group>"; };
		F3125FA82177966B00956B26 /* Base */ = {isa = PBXFileReference; lastKnownFileType = file.storyboard; name = Base; path = Base.lproj/Main.storyboard; sourceTree = "<group>"; };
		F3125FAA2177966E00956B26 /* Assets.xcassets */ = {isa = PBXFileReference; lastKnownFileType = folder.assetcatalog; path = Assets.xcassets; sourceTree = "<group>"; };
		F3125FAD2177966E00956B26 /* Base */ = {isa = PBXFileReference; lastKnownFileType = file.storyboard; name = Base; path = Base.lproj/LaunchScreen.storyboard; sourceTree = "<group>"; };
		F3125FAF2177966E00956B26 /* Info.plist */ = {isa = PBXFileReference; lastKnownFileType = text.plist.xml; path = Info.plist; sourceTree = "<group>"; };
		F3125FB42177966E00956B26 /* CircularLoaderLBTATests.xctest */ = {isa = PBXFileReference; explicitFileType = wrapper.cfbundle; includeInIndex = 0; path = CircularLoaderLBTATests.xctest; sourceTree = BUILT_PRODUCTS_DIR; };
		F3125FB82177966E00956B26 /* CircularLoaderLBTATests.swift */ = {isa = PBXFileReference; lastKnownFileType = sourcecode.swift; path = CircularLoaderLBTATests.swift; sourceTree = "<group>"; };
		F3125FBA2177966E00956B26 /* Info.plist */ = {isa = PBXFileReference; lastKnownFileType = text.plist.xml; path = Info.plist; sourceTree = "<group>"; };
		F3125FBF2177966E00956B26 /* CircularLoaderLBTAUITests.xctest */ = {isa = PBXFileReference; explicitFileType = wrapper.cfbundle; includeInIndex = 0; path = CircularLoaderLBTAUITests.xctest; sourceTree = BUILT_PRODUCTS_DIR; };
		F3125FC32177966E00956B26 /* CircularLoaderLBTAUITests.swift */ = {isa = PBXFileReference; lastKnownFileType = sourcecode.swift; path = CircularLoaderLBTAUITests.swift; sourceTree = "<group>"; };
		F3125FC52177966E00956B26 /* Info.plist */ = {isa = PBXFileReference; lastKnownFileType = text.plist.xml; path = Info.plist; sourceTree = "<group>"; };
/* End PBXFileReference section */

/* Begin PBXFrameworksBuildPhase section */
		F3125F9D2177966B00956B26 /* Frameworks */ = {
			isa = PBXFrameworksBuildPhase;
			buildActionMask = 2147483647;
			files = (
			);
			runOnlyForDeploymentPostprocessing = 0;
		};
		F3125FB12177966E00956B26 /* Frameworks */ = {
			isa = PBXFrameworksBuildPhase;
			buildActionMask = 2147483647;
			files = (
			);
			runOnlyForDeploymentPostprocessing = 0;
		};
		F3125FBC2177966E00956B26 /* Frameworks */ = {
			isa = PBXFrameworksBuildPhase;
			buildActionMask = 2147483647;
			files = (
			);
			runOnlyForDeploymentPostprocessing = 0;
		};
/* End PBXFrameworksBuildPhase section */

/* Begin PBXGroup section */
		F3125F972177966B00956B26 = {
			isa = PBXGroup;
			children = (
				F3125FA22177966B00956B26 /* CircularLoaderLBTA */,
				F3125FB72177966E00956B26 /* CircularLoaderLBTATests */,
				F3125FC22177966E00956B26 /* CircularLoaderLBTAUITests */,
				F3125FA12177966B00956B26 /* Products */,
			);
			sourceTree = "<group>";
		};
		F3125FA12177966B00956B26 /* Products */ = {
			isa = PBXGroup;
			children = (
				F3125FA02177966B00956B26 /* CircularLoaderLBTA.app */,
				F3125FB42177966E00956B26 /* CircularLoaderLBTATests.xctest */,
				F3125FBF2177966E00956B26 /* CircularLoaderLBTAUITests.xctest */,
			);
			name = Products;
			sourceTree = "<group>";
		};
		F3125FA22177966B00956B26 /* CircularLoaderLBTA */ = {
			isa = PBXGroup;
			children = (
				F3125FA32177966B00956B26 /* AppDelegate.swift */,
				F3125FA52177966B00956B26 /* ViewController.swift */,
				F3125FA72177966B00956B26 /* Main.storyboard */,
				F3125FAA2177966E00956B26 /* Assets.xcassets */,
				F3125FAC2177966E00956B26 /* LaunchScreen.storyboard */,
				F3125FAF2177966E00956B26 /* Info.plist */,
			);
			path = CircularLoaderLBTA;
			sourceTree = "<group>";
		};
		F3125FB72177966E00956B26 /* CircularLoaderLBTATests */ = {
			isa = PBXGroup;
			children = (
				F3125FB82177966E00956B26 /* CircularLoaderLBTATests.swift */,
				F3125FBA2177966E00956B26 /* Info.plist */,
			);
			path = CircularLoaderLBTATests;
			sourceTree = "<group>";
		};
		F3125FC22177966E00956B26 /* CircularLoaderLBTAUITests */ = {
			isa = PBXGroup;
			children = (
				F3125FC32177966E00956B26 /* CircularLoaderLBTAUITests.swift */,
				F3125FC52177966E00956B26 /* Info.plist */,
			);
			path = CircularLoaderLBTAUITests;
			sourceTree = "<group>";
		};
/* End PBXGroup section */

/* Begin PBXNativeTarget section */
		F3125F9F2177966B00956B26 /* CircularLoaderLBTA */ = {
			isa = PBXNativeTarget;
			buildConfigurationList = F3125FC82177966E00956B26 /* Build configuration list for PBXNativeTarget "CircularLoaderLBTA" */;
			buildPhases = (
				F3125F9C2177966B00956B26 /* Sources */,
				F3125F9D2177966B00956B26 /* Frameworks */,
				F3125F9E2177966B00956B26 /* Resources */,
			);
			buildRules = (
			);
			dependencies = (
			);
			name = CircularLoaderLBTA;
			productName = CircularLoaderLBTA;
			productReference = F3125FA02177966B00956B26 /* CircularLoaderLBTA.app */;
			productType = "com.apple.product-type.application";
		};
		F3125FB32177966E00956B26 /* CircularLoaderLBTATests */ = {
			isa = PBXNativeTarget;
			buildConfigurationList = F3125FCB2177966E00956B26 /* Build configuration list for PBXNativeTarget "CircularLoaderLBTATests" */;
			buildPhases = (
				F3125FB02177966E00956B26 /* Sources */,
				F3125FB12177966E00956B26 /* Frameworks */,
				F3125FB22177966E00956B26 /* Resources */,
			);
			buildRules = (
			);
			dependencies = (
				F3125FB62177966E00956B26 /* PBXTargetDependency */,
			);
			name = CircularLoaderLBTATests;
			productName = CircularLoaderLBTATests;
			productReference = F3125FB42177966E00956B26 /* CircularLoaderLBTATests.xctest */;
			productType = "com.apple.product-type.bundle.unit-test";
		};
		F3125FBE2177966E00956B26 /* CircularLoaderLBTAUITests */ = {
			isa = PBXNativeTarget;
			buildConfigurationList = F3125FCE2177966E00956B26 /* Build configuration list for PBXNativeTarget "CircularLoaderLBTAUITests" */;
			buildPhases = (
				F3125FBB2177966E00956B26 /* Sources */,
				F3125FBC2177966E00956B26 /* Frameworks */,
				F3125FBD2177966E00956B26 /* Resources */,
			);
			buildRules = (
			);
			dependencies = (
				F3125FC12177966E00956B26 /* PBXTargetDependency */,
			);
			name = CircularLoaderLBTAUITests;
			productName = CircularLoaderLBTAUITests;
			productReference = F3125FBF2177966E00956B26 /* CircularLoaderLBTAUITests.xctest */;
			productType = "com.apple.product-type.bundle.ui-testing";
		};
/* End PBXNativeTarget section */

/* Begin PBXProject section */
		F3125F982177966B00956B26 /* Project object */ = {
			isa = PBXProject;
			attributes = {
				LastSwiftUpdateCheck = 1000;
				LastUpgradeCheck = 1000;
				ORGANIZATIONNAME = "Luciano Pezzin";
				TargetAttributes = {
					F3125F9F2177966B00956B26 = {
						CreatedOnToolsVersion = 10.0;
					};
					F3125FB32177966E00956B26 = {
						CreatedOnToolsVersion = 10.0;
						TestTargetID = F3125F9F2177966B00956B26;
					};
					F3125FBE2177966E00956B26 = {
						CreatedOnToolsVersion = 10.0;
						TestTargetID = F3125F9F2177966B00956B26;
					};
				};
			};
			buildConfigurationList = F3125F9B2177966B00956B26 /* Build configuration list for PBXProject "CircularLoaderLBTA" */;
			compatibilityVersion = "Xcode 9.3";
			developmentRegion = en;
			hasScannedForEncodings = 0;
			knownRegions = (
				en,
				Base,
			);
			mainGroup = F3125F972177966B00956B26;
			productRefGroup = F3125FA12177966B00956B26 /* Products */;
			projectDirPath = "";
			projectRoot = "";
			targets = (
				F3125F9F2177966B00956B26 /* CircularLoaderLBTA */,
				F3125FB32177966E00956B26 /* CircularLoaderLBTATests */,
				F3125FBE2177966E00956B26 /* CircularLoaderLBTAUITests */,
			);
		};
/* End PBXProject section */

/* Begin PBXResourcesBuildPhase section */
		F3125F9E2177966B00956B26 /* Resources */ = {
			isa = PBXResourcesBuildPhase;
			buildActionMask = 2147483647;
			files = (
				F3125FAE2177966E00956B26 /* LaunchScreen.storyboard in Resources */,
				F3125FAB2177966E00956B26 /* Assets.xcassets in Resources */,
				F3125FA92177966B00956B26 /* Main.storyboard in Resources */,
			);
			runOnlyForDeploymentPostprocessing = 0;
		};
		F3125FB22177966E00956B26 /* Resources */ = {
			isa = PBXResourcesBuildPhase;
			buildActionMask = 2147483647;
			files = (
			);
			runOnlyForDeploymentPostprocessing = 0;
		};
		F3125FBD2177966E00956B26 /* Resources */ = {
			isa = PBXResourcesBuildPhase;
			buildActionMask = 2147483647;
			files = (
			);
			runOnlyForDeploymentPostprocessing = 0;
		};
/* End PBXResourcesBuildPhase section */

/* Begin PBXSourcesBuildPhase section */
		F3125F9C2177966B00956B26 /* Sources */ = {
			isa = PBXSourcesBuildPhase;
			buildActionMask = 2147483647;
			files = (
				F3125FA62177966B00956B26 /* ViewController.swift in Sources */,
				F3125FA42177966B00956B26 /* AppDelegate.swift in Sources */,
			);
			runOnlyForDeploymentPostprocessing = 0;
		};
		F3125FB02177966E00956B26 /* Sources */ = {
			isa = PBXSourcesBuildPhase;
			buildActionMask = 2147483647;
			files = (
				F3125FB92177966E00956B26 /* CircularLoaderLBTATests.swift in Sources */,
			);
			runOnlyForDeploymentPostprocessing = 0;
		};
		F3125FBB2177966E00956B26 /* Sources */ = {
			isa = PBXSourcesBuildPhase;
			buildActionMask = 2147483647;
			files = (
				F3125FC42177966E00956B26 /* CircularLoaderLBTAUITests.swift in Sources */,
			);
			runOnlyForDeploymentPostprocessing = 0;
		};
/* End PBXSourcesBuildPhase section */

/* Begin PBXTargetDependency section */
		F3125FB62177966E00956B26 /* PBXTargetDependency */ = {
			isa = PBXTargetDependency;
			target = F3125F9F2177966B00956B26 /* CircularLoaderLBTA */;
			targetProxy = F3125FB52177966E00956B26 /* PBXContainerItemProxy */;
		};
		F3125FC12177966E00956B26 /* PBXTargetDependency */ = {
			isa = PBXTargetDependency;
			target = F3125F9F2177966B00956B26 /* CircularLoaderLBTA */;
			targetProxy = F3125FC02177966E00956B26 /* PBXContainerItemProxy */;
		};
/* End PBXTargetDependency section */

/* Begin PBXVariantGroup section */
		F3125FA72177966B00956B26 /* Main.storyboard */ = {
			isa = PBXVariantGroup;
			children = (
				F3125FA82177966B00956B26 /* Base */,
			);
			name = Main.storyboard;
			sourceTree = "<group>";
		};
		F3125FAC2177966E00956B26 /* LaunchScreen.storyboard */ = {
			isa = PBXVariantGroup;
			children = (
				F3125FAD2177966E00956B26 /* Base */,
			);
			name = LaunchScreen.storyboard;
			sourceTree = "<group>";
		};
/* End PBXVariantGroup section */

/* Begin XCBuildConfiguration section */
		F3125FC62177966E00956B26 /* Debug */ = {
			isa = XCBuildConfiguration;
			buildSettings = {
				ALWAYS_SEARCH_USER_PATHS = NO;
				CLANG_ANALYZER_NONNULL = YES;
				CLANG_ANALYZER_NUMBER_OBJECT_CONVERSION = YES_AGGRESSIVE;
				CLANG_CXX_LANGUAGE_STANDARD = "gnu++14";
				CLANG_CXX_LIBRARY = "libc++";
				CLANG_ENABLE_MODULES = YES;
				CLANG_ENABLE_OBJC_ARC = YES;
				CLANG_ENABLE_OBJC_WEAK = YES;
				CLANG_WARN_BLOCK_CAPTURE_AUTORELEASING = YES;
				CLANG_WARN_BOOL_CONVERSION = YES;
				CLANG_WARN_COMMA = YES;
				CLANG_WARN_CONSTANT_CONVERSION = YES;
				CLANG_WARN_DEPRECATED_OBJC_IMPLEMENTATIONS = YES;
				CLANG_WARN_DIRECT_OBJC_ISA_USAGE = YES_ERROR;
				CLANG_WARN_DOCUMENTATION_COMMENTS = YES;
				CLANG_WARN_EMPTY_BODY = YES;
				CLANG_WARN_ENUM_CONVERSION = YES;
				CLANG_WARN_INFINITE_RECURSION = YES;
				CLANG_WARN_INT_CONVERSION = YES;
				CLANG_WARN_NON_LITERAL_NULL_CONVERSION = YES;
				CLANG_WARN_OBJC_IMPLICIT_RETAIN_SELF = YES;
				CLANG_WARN_OBJC_LITERAL_CONVERSION = YES;
				CLANG_WARN_OBJC_ROOT_CLASS = YES_ERROR;
				CLANG_WARN_RANGE_LOOP_ANALYSIS = YES;
				CLANG_WARN_STRICT_PROTOTYPES = YES;
				CLANG_WARN_SUSPICIOUS_MOVE = YES;
				CLANG_WARN_UNGUARDED_AVAILABILITY = YES_AGGRESSIVE;
				CLANG_WARN_UNREACHABLE_CODE = YES;
				CLANG_WARN__DUPLICATE_METHOD_MATCH = YES;
				CODE_SIGN_IDENTITY = "iPhone Developer";
				COPY_PHASE_STRIP = NO;
				DEBUG_INFORMATION_FORMAT = dwarf;
				ENABLE_STRICT_OBJC_MSGSEND = YES;
				ENABLE_TESTABILITY = YES;
				GCC_C_LANGUAGE_STANDARD = gnu11;
				GCC_DYNAMIC_NO_PIC = NO;
				GCC_NO_COMMON_BLOCKS = YES;
				GCC_OPTIMIZATION_LEVEL = 0;
				GCC_PREPROCESSOR_DEFINITIONS = (
					"DEBUG=1",
					"$(inherited)",
				);
				GCC_WARN_64_TO_32_BIT_CONVERSION = YES;
				GCC_WARN_ABOUT_RETURN_TYPE = YES_ERROR;
				GCC_WARN_UNDECLARED_SELECTOR = YES;
				GCC_WARN_UNINITIALIZED_AUTOS = YES_AGGRESSIVE;
				GCC_WARN_UNUSED_FUNCTION = YES;
				GCC_WARN_UNUSED_VARIABLE = YES;
				IPHONEOS_DEPLOYMENT_TARGET = 12.0;
				MTL_ENABLE_DEBUG_INFO = INCLUDE_SOURCE;
				MTL_FAST_MATH = YES;
				ONLY_ACTIVE_ARCH = YES;
				SDKROOT = iphoneos;
				SWIFT_ACTIVE_COMPILATION_CONDITIONS = DEBUG;
				SWIFT_OPTIMIZATION_LEVEL = "-Onone";
			};
			name = Debug;
		};
		F3125FC72177966E00956B26 /* Release */ = {
			isa = XCBuildConfiguration;
			buildSettings = {
				ALWAYS_SEARCH_USER_PATHS = NO;
				CLANG_ANALYZER_NONNULL = YES;
				CLANG_ANALYZER_NUMBER_OBJECT_CONVERSION = YES_AGGRESSIVE;
				CLANG_CXX_LANGUAGE_STANDARD = "gnu++14";
				CLANG_CXX_LIBRARY = "libc++";
				CLANG_ENABLE_MODULES = YES;
				CLANG_ENABLE_OBJC_ARC = YES;
				CLANG_ENABLE_OBJC_WEAK = YES;
				CLANG_WARN_BLOCK_CAPTURE_AUTORELEASING = YES;
				CLANG_WARN_BOOL_CONVERSION = YES;
				CLANG_WARN_COMMA = YES;
				CLANG_WARN_CONSTANT_CONVERSION = YES;
				CLANG_WARN_DEPRECATED_OBJC_IMPLEMENTATIONS = YES;
				CLANG_WARN_DIRECT_OBJC_ISA_USAGE = YES_ERROR;
				CLANG_WARN_DOCUMENTATION_COMMENTS = YES;
				CLANG_WARN_EMPTY_BODY = YES;
				CLANG_WARN_ENUM_CONVERSION = YES;
				CLANG_WARN_INFINITE_RECURSION = YES;
				CLANG_WARN_INT_CONVERSION = YES;
				CLANG_WARN_NON_LITERAL_NULL_CONVERSION = YES;
				CLANG_WARN_OBJC_IMPLICIT_RETAIN_SELF = YES;
				CLANG_WARN_OBJC_LITERAL_CONVERSION = YES;
				CLANG_WARN_OBJC_ROOT_CLASS = YES_ERROR;
				CLANG_WARN_RANGE_LOOP_ANALYSIS = YES;
				CLANG_WARN_STRICT_PROTOTYPES = YES;
				CLANG_WARN_SUSPICIOUS_MOVE = YES;
				CLANG_WARN_UNGUARDED_AVAILABILITY = YES_AGGRESSIVE;
				CLANG_WARN_UNREACHABLE_CODE = YES;
				CLANG_WARN__DUPLICATE_METHOD_MATCH = YES;
				CODE_SIGN_IDENTITY = "iPhone Developer";
				COPY_PHASE_STRIP = NO;
				DEBUG_INFORMATION_FORMAT = "dwarf-with-dsym";
				ENABLE_NS_ASSERTIONS = NO;
				ENABLE_STRICT_OBJC_MSGSEND = YES;
				GCC_C_LANGUAGE_STANDARD = gnu11;
				GCC_NO_COMMON_BLOCKS = YES;
				GCC_WARN_64_TO_32_BIT_CONVERSION = YES;
				GCC_WARN_ABOUT_RETURN_TYPE = YES_ERROR;
				GCC_WARN_UNDECLARED_SELECTOR = YES;
				GCC_WARN_UNINITIALIZED_AUTOS = YES_AGGRESSIVE;
				GCC_WARN_UNUSED_FUNCTION = YES;
				GCC_WARN_UNUSED_VARIABLE = YES;
				IPHONEOS_DEPLOYMENT_TARGET = 12.0;
				MTL_ENABLE_DEBUG_INFO = NO;
				MTL_FAST_MATH = YES;
				SDKROOT = iphoneos;
				SWIFT_COMPILATION_MODE = wholemodule;
				SWIFT_OPTIMIZATION_LEVEL = "-O";
				VALIDATE_PRODUCT = YES;
			};
			name = Release;
		};
		F3125FC92177966E00956B26 /* Debug */ = {
			isa = XCBuildConfiguration;
			buildSettings = {
				ASSETCATALOG_COMPILER_APPICON_NAME = AppIcon;
				CODE_SIGN_STYLE = Automatic;
				DEVELOPMENT_TEAM = GWC75JKULR;
				INFOPLIST_FILE = CircularLoaderLBTA/Info.plist;
				LD_RUNPATH_SEARCH_PATHS = (
					"$(inherited)",
					"@executable_path/Frameworks",
				);
				PRODUCT_BUNDLE_IDENTIFIER = sac.digital.CircularLoaderLBTA;
				PRODUCT_NAME = "$(TARGET_NAME)";
				SWIFT_VERSION = 4.2;
				TARGETED_DEVICE_FAMILY = "1,2";
			};
			name = Debug;
		};
		F3125FCA2177966E00956B26 /* Release */ = {
			isa = XCBuildConfiguration;
			buildSettings = {
				ASSETCATALOG_COMPILER_APPICON_NAME = AppIcon;
				CODE_SIGN_STYLE = Automatic;
				DEVELOPMENT_TEAM = GWC75JKULR;
				INFOPLIST_FILE = CircularLoaderLBTA/Info.plist;
				LD_RUNPATH_SEARCH_PATHS = (
					"$(inherited)",
					"@executable_path/Frameworks",
				);
				PRODUCT_BUNDLE_IDENTIFIER = sac.digital.CircularLoaderLBTA;
				PRODUCT_NAME = "$(TARGET_NAME)";
				SWIFT_VERSION = 4.2;
				TARGETED_DEVICE_FAMILY = "1,2";
			};
			name = Release;
		};
		F3125FCC2177966E00956B26 /* Debug */ = {
			isa = XCBuildConfiguration;
			buildSettings = {
				ALWAYS_EMBED_SWIFT_STANDARD_LIBRARIES = YES;
				BUNDLE_LOADER = "$(TEST_HOST)";
				CODE_SIGN_STYLE = Automatic;
				DEVELOPMENT_TEAM = GWC75JKULR;
				INFOPLIST_FILE = CircularLoaderLBTATests/Info.plist;
				LD_RUNPATH_SEARCH_PATHS = (
					"$(inherited)",
					"@executable_path/Frameworks",
					"@loader_path/Frameworks",
				);
				PRODUCT_BUNDLE_IDENTIFIER = sac.digital.CircularLoaderLBTATests;
				PRODUCT_NAME = "$(TARGET_NAME)";
				SWIFT_VERSION = 4.2;
				TARGETED_DEVICE_FAMILY = "1,2";
				TEST_HOST = "$(BUILT_PRODUCTS_DIR)/CircularLoaderLBTA.app/CircularLoaderLBTA";
			};
			name = Debug;
		};
		F3125FCD2177966E00956B26 /* Release */ = {
			isa = XCBuildConfiguration;
			buildSettings = {
				ALWAYS_EMBED_SWIFT_STANDARD_LIBRARIES = YES;
				BUNDLE_LOADER = "$(TEST_HOST)";
				CODE_SIGN_STYLE = Automatic;
				DEVELOPMENT_TEAM = GWC75JKULR;
				INFOPLIST_FILE = CircularLoaderLBTATests/Info.plist;
				LD_RUNPATH_SEARCH_PATHS = (
					"$(inherited)",
					"@executable_path/Frameworks",
					"@loader_path/Frameworks",
				);
				PRODUCT_BUNDLE_IDENTIFIER = sac.digital.CircularLoaderLBTATests;
				PRODUCT_NAME = "$(TARGET_NAME)";
				SWIFT_VERSION = 4.2;
				TARGETED_DEVICE_FAMILY = "1,2";
				TEST_HOST = "$(BUILT_PRODUCTS_DIR)/CircularLoaderLBTA.app/CircularLoaderLBTA";
			};
			name = Release;
		};
		F3125FCF2177966E00956B26 /* Debug */ = {
			isa = XCBuildConfiguration;
			buildSettings = {
				ALWAYS_EMBED_SWIFT_STANDARD_LIBRARIES = YES;
				CODE_SIGN_STYLE = Automatic;
				DEVELOPMENT_TEAM = GWC75JKULR;
				INFOPLIST_FILE = CircularLoaderLBTAUITests/Info.plist;
				LD_RUNPATH_SEARCH_PATHS = (
					"$(inherited)",
					"@executable_path/Frameworks",
					"@loader_path/Frameworks",
				);
				PRODUCT_BUNDLE_IDENTIFIER = sac.digital.CircularLoaderLBTAUITests;
				PRODUCT_NAME = "$(TARGET_NAME)";
				SWIFT_VERSION = 4.2;
				TARGETED_DEVICE_FAMILY = "1,2";
				TEST_TARGET_NAME = CircularLoaderLBTA;
			};
			name = Debug;
		};
		F3125FD02177966E00956B26 /* Release */ = {
			isa = XCBuildConfiguration;
			buildSettings = {
				ALWAYS_EMBED_SWIFT_STANDARD_LIBRARIES = YES;
				CODE_SIGN_STYLE = Automatic;
				DEVELOPMENT_TEAM = GWC75JKULR;
				INFOPLIST_FILE = CircularLoaderLBTAUITests/Info.plist;
				LD_RUNPATH_SEARCH_PATHS = (
					"$(inherited)",
					"@executable_path/Frameworks",
					"@loader_path/Frameworks",
				);
				PRODUCT_BUNDLE_IDENTIFIER = sac.digital.CircularLoaderLBTAUITests;
				PRODUCT_NAME = "$(TARGET_NAME)";
				SWIFT_VERSION = 4.2;
				TARGETED_DEVICE_FAMILY = "1,2";
				TEST_TARGET_NAME = CircularLoaderLBTA;
			};
			name = Release;
		};
/* End XCBuildConfiguration section */

/* Begin XCConfigurationList section */
		F3125F9B2177966B00956B26 /* Build configuration list for PBXProject "CircularLoaderLBTA" */ = {
			isa = XCConfigurationList;
			buildConfigurations = (
				F3125FC62177966E00956B26 /* Debug */,
				F3125FC72177966E00956B26 /* Release */,
			);
			defaultConfigurationIsVisible = 0;
			defaultConfigurationName = Release;
		};
		F3125FC82177966E00956B26 /* Build configuration list for PBXNativeTarget "CircularLoaderLBTA" */ = {
			isa = XCConfigurationList;
			buildConfigurations = (
				F3125FC92177966E00956B26 /* Debug */,
				F3125FCA2177966E00956B26 /* Release */,
			);
			defaultConfigurationIsVisible = 0;
			defaultConfigurationName = Release;
		};
		F3125FCB2177966E00956B26 /* Build configuration list for PBXNativeTarget "CircularLoaderLBTATests" */ = {
			isa = XCConfigurationList;
			buildConfigurations = (
				F3125FCC2177966E00956B26 /* Debug */,
				F3125FCD2177966E00956B26 /* Release */,
			);
			defaultConfigurationIsVisible = 0;
			defaultConfigurationName = Release;
		};
		F3125FCE2177966E00956B26 /* Build configuration list for PBXNativeTarget "CircularLoaderLBTAUITests" */ = {
			isa = XCConfigurationList;
			buildConfigurations = (
				F3125FCF2177966E00956B26 /* Debug */,
				F3125FD02177966E00956B26 /* Release */,
			);
			defaultConfigurationIsVisible = 0;
			defaultConfigurationName = Release;
		};
/* End XCConfigurationList section */
	};
	rootObject = F3125F982177966B00956B26 /* Project object */;
}
